
Microsoft Visual Studio Solution File, Format Version 12.00
# Visual Studio Version 16
VisualStudioVersion = 16.0.30907.101
MinimumVisualStudioVersion = 10.0.40219.1
Project("{9A19103F-16F7-4668-BE54-9A1E7A4F7556}") = "DataAccess", "DataAccess\DataAccess.csproj", "{8B787A05-A2C3-4C4C-A9CE-C6DF4A6EF2FA}"
EndProject
Project("{9A19103F-16F7-4668-BE54-9A1E7A4F7556}") = "Business", "Business\Business.csproj", "{71FBAC93-2CC3-4483-8FA1-D4DB60C2E9A4}"
EndProject
Project("{9A19103F-16F7-4668-BE54-9A1E7A4F7556}") = "Entities", "Entities\Entities.csproj", "{F227D37C-A527-4FD9-8BA5-EAEA17F82090}"
EndProject
Project("{9A19103F-16F7-4668-BE54-9A1E7A4F7556}") = "ConsoleUI", "ConsoleUI\ConsoleUI.csproj", "{FDF679E6-B511-40E4-AD25-ADDA4E8F2AAC}"
EndProject
Project("{9A19103F-16F7-4668-BE54-9A1E7A4F7556}") = "Core", "Core\Core.csproj", "{12E35ACF-6169-4914-B3A0-852FDFE5201E}"
EndProject
Project("{FAE04EC0-301F-11D3-BF4B-00C04F79EFBC}") = "WebAPI", "WebAPI\WebAPI.csproj", "{1887B578-4D25-489C-BF72-FC8224520724}"
EndProject
Global
	GlobalSection(SolutionConfigurationPlatforms) = preSolution
		Debug|Any CPU = Debug|Any CPU
		Release|Any CPU = Release|Any CPU
	EndGlobalSection
	GlobalSection(ProjectConfigurationPlatforms) = postSolution
		{8B787A05-A2C3-4C4C-A9CE-C6DF4A6EF2FA}.Debug|Any CPU.ActiveCfg = Debug|Any CPU
		{8B787A05-A2C3-4C4C-A9CE-C6DF4A6EF2FA}.Debug|Any CPU.Build.0 = Debug|Any CPU
		{8B787A05-A2C3-4C4C-A9CE-C6DF4A6EF2FA}.Release|Any CPU.ActiveCfg = Release|Any CPU
		{8B787A05-A2C3-4C4C-A9CE-C6DF4A6EF2FA}.Release|Any CPU.Build.0 = Release|Any CPU
		{71FBAC93-2CC3-4483-8FA1-D4DB60C2E9A4}.Debug|Any CPU.ActiveCfg = Debug|Any CPU
		{71FBAC93-2CC3-4483-8FA1-D4DB60C2E9A4}.Debug|Any CPU.Build.0 = Debug|Any CPU
		{71FBAC93-2CC3-4483-8FA1-D4DB60C2E9A4}.Release|Any CPU.ActiveCfg = Release|Any CPU
		{71FBAC93-2CC3-4483-8FA1-D4DB60C2E9A4}.Release|Any CPU.Build.0 = Release|Any CPU
		{F227D37C-A527-4FD9-8BA5-EAEA17F82090}.Debug|Any CPU.ActiveCfg = Debug|Any CPU
		{F227D37C-A527-4FD9-8BA5-EAEA17F82090}.Debug|Any CPU.Build.0 = Debug|Any CPU
		{F227D37C-A527-4FD9-8BA5-EAEA17F82090}.Release|Any CPU.ActiveCfg = Release|Any CPU
		{F227D37C-A527-4FD9-8BA5-EAEA17F82090}.Release|Any CPU.Build.0 = Release|Any CPU
		{FDF679E6-B511-40E4-AD25-ADDA4E8F2AAC}.Debug|Any CPU.ActiveCfg = Debug|Any CPU
		{FDF679E6-B511-40E4-AD25-ADDA4E8F2AAC}.Debug|Any CPU.Build.0 = Debug|Any CPU
		{FDF679E6-B511-40E4-AD25-ADDA4E8F2AAC}.Release|Any CPU.ActiveCfg = Release|Any CPU
		{FDF679E6-B511-40E4-AD25-ADDA4E8F2AAC}.Release|Any CPU.Build.0 = Release|Any CPU
		{12E35ACF-6169-4914-B3A0-852FDFE5201E}.Debug|Any CPU.ActiveCfg = Debug|Any CPU
		{12E35ACF-6169-4914-B3A0-852FDFE5201E}.Debug|Any CPU.Build.0 = Debug|Any CPU
		{12E35ACF-6169-4914-B3A0-852FDFE5201E}.Release|Any CPU.ActiveCfg = Release|Any CPU
		{12E35ACF-6169-4914-B3A0-852FDFE5201E}.Release|Any CPU.Build.0 = Release|Any CPU
		{1887B578-4D25-489C-BF72-FC8224520724}.Debug|Any CPU.ActiveCfg = Debug|Any CPU
		{1887B578-4D25-489C-BF72-FC8224520724}.Debug|Any CPU.Build.0 = Debug|Any CPU
		{1887B578-4D25-489C-BF72-FC8224520724}.Release|Any CPU.ActiveCfg = Release|Any CPU
		{1887B578-4D25-489C-BF72-FC8224520724}.Release|Any CPU.Build.0 = Release|Any CPU
	EndGlobalSection
	GlobalSection(SolutionProperties) = preSolution
		HideSolutionNode = FALSE
	EndGlobalSection
	GlobalSection(ExtensibilityGlobals) = postSolution
		SolutionGuid = {D7ED19DF-F23D-4106-88AD-429052D12C06}
	EndGlobalSection
EndGlobal
